<?xml version="1.0" encoding="utf-8"?>
<Project ToolsVersion="4.0" xmlns="http://schemas.microsoft.com/developer/msbuild/2003">
  <ItemGroup>
    <Filter Include="源文件">
      <UniqueIdentifier>{4FC737F1-C7A5-4376-A066-2A32D752A2FF}</UniqueIdentifier>
      <Extensions>cpp;c;cc;cxx;def;odl;idl;hpj;bat;asm;asmx</Extensions>
    </Filter>
    <Filter Include="头文件">
      <UniqueIdentifier>{93995380-89BD-4b04-88EB-625FBE52EBFB}</UniqueIdentifier>
      <Extensions>h;hh;hpp;hxx;hm;inl;inc;ipp;xsd</Extensions>
    </Filter>
    <Filter Include="资源文件">
      <UniqueIdentifier>{67DA6AB6-F800-4c08-8B7A-83BB121AAD01}</UniqueIdentifier>
      <Extensions>rc;ico;cur;bmp;dlg;rc2;rct;bin;rgs;gif;jpg;jpeg;jpe;resx;tiff;tif;png;wav;mfcribbon-ms</Extensions>
    </Filter>
    <Filter Include="Common">
      <UniqueIdentifier>{26fee493-b529-456f-868e-a0ece1a918ee}</UniqueIdentifier>
    </Filter>
    <Filter Include="WIC">
      <UniqueIdentifier>{08aa8f67-bb09-4b59-af67-7061b05235c0}</UniqueIdentifier>
    </Filter>
    <Filter Include="Shader">
      <UniqueIdentifier>{b48d4779-164e-4a55-a725-291d25f89143}</UniqueIdentifier>
    </Filter>
  </ItemGroup>
  <ItemGroup>
    <ClCompile Include="Common\Camera.cpp">
      <Filter>Common</Filter>
    </ClCompile>
    <ClCompile Include="Common\d3dApp.cpp">
      <Filter>Common</Filter>
    </ClCompile>
    <ClCompile Include="Common\d3dUtil.cpp">
      <Filter>Common</Filter>
    </ClCompile>
    <ClCompile Include="Common\DDSTextureLoader.cpp">
      <Filter>Common</Filter>
    </ClCompile>
    <ClCompile Include="Common\DescriptorHeap.cpp">
      <Filter>Common</Filter>
    </ClCompile>
    <ClCompile Include="Common\GameTimer.cpp">
      <Filter>Common</Filter>
    </ClCompile>
    <ClCompile Include="Common\GeometryGenerator.cpp">
      <Filter>Common</Filter>
    </ClCompile>
    <ClCompile Include="Common\MathHelper.cpp">
      <Filter>Common</Filter>
    </ClCompile>
    <ClCompile Include="Common\ReadBackResource.cpp">
      <Filter>Common</Filter>
    </ClCompile>
    <ClCompile Include="Common\RTVresource.cpp">
      <Filter>Common</Filter>
    </ClCompile>
    <ClCompile Include="Common\RWtexture.cpp">
      <Filter>Common</Filter>
    </ClCompile>
    <ClCompile Include="Common\TextureResource.cpp">
      <Filter>Common</Filter>
    </ClCompile>
    <ClCompile Include="Common\UpLoadResource.cpp">
      <Filter>Common</Filter>
    </ClCompile>
    <ClCompile Include="Main.cpp">
      <Filter>源文件</Filter>
    </ClCompile>
    <ClCompile Include="CubeMapApp.cpp">
      <Filter>源文件</Filter>
    </ClCompile>
    <ClCompile Include="Common\CubeTexture.cpp">
      <Filter>Common</Filter>
    </ClCompile>
    <ClCompile Include="Common\GraphicsCommandList.cpp">
      <Filter>Common</Filter>
    </ClCompile>
    <ClCompile Include="WIC\WICimage.cpp">
      <Filter>WIC</Filter>
    </ClCompile>
    <ClCompile Include="Common\PipeLine.cpp">
      <Filter>Common</Filter>
    </ClCompile>
    <ClCompile Include="Common\DSVresource.cpp">
      <Filter>Common</Filter>
    </ClCompile>
    <ClCompile Include="Common\ResourceBase.cpp">
      <Filter>Common</Filter>
    </ClCompile>
  </ItemGroup>
  <ItemGroup>
    <ClInclude Include="Common\Camera.h">
      <Filter>Common</Filter>
    </ClInclude>
    <ClInclude Include="Common\d3dApp.h">
      <Filter>Common</Filter>
    </ClInclude>
    <ClInclude Include="Common\d3dUtil.h">
      <Filter>Common</Filter>
    </ClInclude>
    <ClInclude Include="Common\d3dx12.h">
      <Filter>Common</Filter>
    </ClInclude>
    <ClInclude Include="Common\DDSTextureLoader.h">
      <Filter>Common</Filter>
    </ClInclude>
    <ClInclude Include="Common\DescriptorHeap.h">
      <Filter>Common</Filter>
    </ClInclude>
    <ClInclude Include="Common\GameTimer.h">
      <Filter>Common</Filter>
    </ClInclude>
    <ClInclude Include="Common\GeometryGenerator.h">
      <Filter>Common</Filter>
    </ClInclude>
    <ClInclude Include="Common\MathHelper.h">
      <Filter>Common</Filter>
    </ClInclude>
    <ClInclude Include="Common\ReadBackResource.h">
      <Filter>Common</Filter>
    </ClInclude>
    <ClInclude Include="Common\ResourceBase.h">
      <Filter>Common</Filter>
    </ClInclude>
    <ClInclude Include="Common\RTVresource.h">
      <Filter>Common</Filter>
    </ClInclude>
    <ClInclude Include="Common\RWtexture.h">
      <Filter>Common</Filter>
    </ClInclude>
    <ClInclude Include="Common\TextureResource.h">
      <Filter>Common</Filter>
    </ClInclude>
    <ClInclude Include="Common\UploadBuffer.h">
      <Filter>Common</Filter>
    </ClInclude>
    <ClInclude Include="Common\UpLoadResource.h">
      <Filter>Common</Filter>
    </ClInclude>
    <ClInclude Include="CubeMapApp.h">
      <Filter>头文件</Filter>
    </ClInclude>
    <ClInclude Include="Common\CubeTexture.h">
      <Filter>Common</Filter>
    </ClInclude>
    <ClInclude Include="Common\d3dDefine.h">
      <Filter>Common</Filter>
    </ClInclude>
    <ClInclude Include="Common\GraphicsCommandList.h">
      <Filter>Common</Filter>
    </ClInclude>
    <ClInclude Include="WIC\WICimage.h">
      <Filter>WIC</Filter>
    </ClInclude>
    <ClInclude Include="Common\PipeLine.h">
      <Filter>Common</Filter>
    </ClInclude>
    <ClInclude Include="Common\DSVresource.h">
      <Filter>Common</Filter>
    </ClInclude>
  </ItemGroup>
  <ItemGroup>
    <FxCompile Include="Shader\Sky.hlsl">
      <Filter>Shader</Filter>
    </FxCompile>
    <FxCompile Include="Shader\IBL.hlsl">
      <Filter>Shader</Filter>
    </FxCompile>
    <FxCompile Include="Shader\Common.hlsl">
      <Filter>Shader</Filter>
    </FxCompile>
  </ItemGroup>
</Project>